
Microsoft Visual Studio Solution File, Format Version 12.00
# Visual Studio Version 17
VisualStudioVersion = 17.5.33516.290
MinimumVisualStudioVersion = 10.0.40219.1
Project("{9A19103F-16F7-4668-BE54-9A1E7A4F7556}") = "BuyNow.Data", "BuyNow.Data\BuyNow.Data.csproj", "{C29A5973-D2B1-4FCE-88EC-618534C6BC89}"
EndProject
Project("{9A19103F-16F7-4668-BE54-9A1E7A4F7556}") = "BuyNow.Core", "BuyNow.Core\BuyNow.Core.csproj", "{F49210AC-A5B8-4E9B-9283-461F84D6CB88}"
EndProject
Project("{2150E333-8FDC-42A3-9474-1A3956D46DE8}") = "InventoryModule", "InventoryModule", "{013571D4-F20F-479F-8001-7EBB20C448DB}"
EndProject
Project("{9A19103F-16F7-4668-BE54-9A1E7A4F7556}") = "Inventory.Data", "Inventory.Data\Inventory.Data.csproj", "{3FEC2C11-2FCC-4858-82B0-2449A3917828}"
EndProject
Project("{2150E333-8FDC-42A3-9474-1A3956D46DE8}") = "CoreLibraries", "CoreLibraries", "{9B77C130-7F38-4C5A-A567-84737FA64469}"
EndProject
Project("{9A19103F-16F7-4668-BE54-9A1E7A4F7556}") = "Inventory.Core", "Inventory.Core\Inventory.Core.csproj", "{55826373-13D5-4504-A0A3-D3A2DF93C628}"
EndProject
Project("{9A19103F-16F7-4668-BE54-9A1E7A4F7556}") = "Inventory.Services", "Inventory.Services\Inventory.Services.csproj", "{D8C4BD89-0432-4C61-94DB-6C1A2D827B49}"
EndProject
Project("{9A19103F-16F7-4668-BE54-9A1E7A4F7556}") = "Inventory.Common", "Inventory.Common\Inventory.Common.csproj", "{B22552D4-1F44-4E13-A167-F791E063DEC2}"
EndProject
Project("{2150E333-8FDC-42A3-9474-1A3956D46DE8}") = "API", "API", "{33D6A6E6-F680-4AB5-A9F4-0762AD518325}"
EndProject
Project("{9A19103F-16F7-4668-BE54-9A1E7A4F7556}") = "BuyNow.API", "BuyNow.API\BuyNow.API.csproj", "{3C0EE60C-DB07-4C04-BA03-8075B3EAED2F}"
EndProject
Project("{2150E333-8FDC-42A3-9474-1A3956D46DE8}") = "OrderModule", "OrderModule", "{0514222D-F41A-473B-BD8C-DF68C9BF6944}"
EndProject
Project("{9A19103F-16F7-4668-BE54-9A1E7A4F7556}") = "Order.Core", "Order.Core\Order.Core.csproj", "{F87B625A-0CE8-4392-9859-11EB40C1BDDB}"
EndProject
Project("{9A19103F-16F7-4668-BE54-9A1E7A4F7556}") = "Order.Data", "Order.Data\Order.Data.csproj", "{34B2F6C6-C005-4AC6-B762-A1860DDA2A89}"
EndProject
Project("{9A19103F-16F7-4668-BE54-9A1E7A4F7556}") = "Order.Services", "Order.Services\Order.Services.csproj", "{A2E5B4BB-40F0-4DD1-B002-7157C5CDDFAF}"
EndProject
Project("{9A19103F-16F7-4668-BE54-9A1E7A4F7556}") = "Order.Common", "Order.Common\Order.Common.csproj", "{68CB0B4B-8849-4B41-95F4-3314F3744CA1}"
EndProject
Global
	GlobalSection(SolutionConfigurationPlatforms) = preSolution
		Debug|Any CPU = Debug|Any CPU
		Release|Any CPU = Release|Any CPU
	EndGlobalSection
	GlobalSection(ProjectConfigurationPlatforms) = postSolution
		{C29A5973-D2B1-4FCE-88EC-618534C6BC89}.Debug|Any CPU.ActiveCfg = Debug|Any CPU
		{C29A5973-D2B1-4FCE-88EC-618534C6BC89}.Debug|Any CPU.Build.0 = Debug|Any CPU
		{C29A5973-D2B1-4FCE-88EC-618534C6BC89}.Release|Any CPU.ActiveCfg = Release|Any CPU
		{C29A5973-D2B1-4FCE-88EC-618534C6BC89}.Release|Any CPU.Build.0 = Release|Any CPU
		{F49210AC-A5B8-4E9B-9283-461F84D6CB88}.Debug|Any CPU.ActiveCfg = Debug|Any CPU
		{F49210AC-A5B8-4E9B-9283-461F84D6CB88}.Debug|Any CPU.Build.0 = Debug|Any CPU
		{F49210AC-A5B8-4E9B-9283-461F84D6CB88}.Release|Any CPU.ActiveCfg = Release|Any CPU
		{F49210AC-A5B8-4E9B-9283-461F84D6CB88}.Release|Any CPU.Build.0 = Release|Any CPU
		{3FEC2C11-2FCC-4858-82B0-2449A3917828}.Debug|Any CPU.ActiveCfg = Debug|Any CPU
		{3FEC2C11-2FCC-4858-82B0-2449A3917828}.Debug|Any CPU.Build.0 = Debug|Any CPU
		{3FEC2C11-2FCC-4858-82B0-2449A3917828}.Release|Any CPU.ActiveCfg = Release|Any CPU
		{3FEC2C11-2FCC-4858-82B0-2449A3917828}.Release|Any CPU.Build.0 = Release|Any CPU
		{55826373-13D5-4504-A0A3-D3A2DF93C628}.Debug|Any CPU.ActiveCfg = Debug|Any CPU
		{55826373-13D5-4504-A0A3-D3A2DF93C628}.Debug|Any CPU.Build.0 = Debug|Any CPU
		{55826373-13D5-4504-A0A3-D3A2DF93C628}.Release|Any CPU.ActiveCfg = Release|Any CPU
		{55826373-13D5-4504-A0A3-D3A2DF93C628}.Release|Any CPU.Build.0 = Release|Any CPU
		{D8C4BD89-0432-4C61-94DB-6C1A2D827B49}.Debug|Any CPU.ActiveCfg = Debug|Any CPU
		{D8C4BD89-0432-4C61-94DB-6C1A2D827B49}.Debug|Any CPU.Build.0 = Debug|Any CPU
		{D8C4BD89-0432-4C61-94DB-6C1A2D827B49}.Release|Any CPU.ActiveCfg = Release|Any CPU
		{D8C4BD89-0432-4C61-94DB-6C1A2D827B49}.Release|Any CPU.Build.0 = Release|Any CPU
		{B22552D4-1F44-4E13-A167-F791E063DEC2}.Debug|Any CPU.ActiveCfg = Debug|Any CPU
		{B22552D4-1F44-4E13-A167-F791E063DEC2}.Debug|Any CPU.Build.0 = Debug|Any CPU
		{B22552D4-1F44-4E13-A167-F791E063DEC2}.Release|Any CPU.ActiveCfg = Release|Any CPU
		{B22552D4-1F44-4E13-A167-F791E063DEC2}.Release|Any CPU.Build.0 = Release|Any CPU
		{3C0EE60C-DB07-4C04-BA03-8075B3EAED2F}.Debug|Any CPU.ActiveCfg = Debug|Any CPU
		{3C0EE60C-DB07-4C04-BA03-8075B3EAED2F}.Debug|Any CPU.Build.0 = Debug|Any CPU
		{3C0EE60C-DB07-4C04-BA03-8075B3EAED2F}.Release|Any CPU.ActiveCfg = Release|Any CPU
		{3C0EE60C-DB07-4C04-BA03-8075B3EAED2F}.Release|Any CPU.Build.0 = Release|Any CPU
		{F87B625A-0CE8-4392-9859-11EB40C1BDDB}.Debug|Any CPU.ActiveCfg = Debug|Any CPU
		{F87B625A-0CE8-4392-9859-11EB40C1BDDB}.Debug|Any CPU.Build.0 = Debug|Any CPU
		{F87B625A-0CE8-4392-9859-11EB40C1BDDB}.Release|Any CPU.ActiveCfg = Release|Any CPU
		{F87B625A-0CE8-4392-9859-11EB40C1BDDB}.Release|Any CPU.Build.0 = Release|Any CPU
		{34B2F6C6-C005-4AC6-B762-A1860DDA2A89}.Debug|Any CPU.ActiveCfg = Debug|Any CPU
		{34B2F6C6-C005-4AC6-B762-A1860DDA2A89}.Debug|Any CPU.Build.0 = Debug|Any CPU
		{34B2F6C6-C005-4AC6-B762-A1860DDA2A89}.Release|Any CPU.ActiveCfg = Release|Any CPU
		{34B2F6C6-C005-4AC6-B762-A1860DDA2A89}.Release|Any CPU.Build.0 = Release|Any CPU
		{A2E5B4BB-40F0-4DD1-B002-7157C5CDDFAF}.Debug|Any CPU.ActiveCfg = Debug|Any CPU
		{A2E5B4BB-40F0-4DD1-B002-7157C5CDDFAF}.Debug|Any CPU.Build.0 = Debug|Any CPU
		{A2E5B4BB-40F0-4DD1-B002-7157C5CDDFAF}.Release|Any CPU.ActiveCfg = Release|Any CPU
		{A2E5B4BB-40F0-4DD1-B002-7157C5CDDFAF}.Release|Any CPU.Build.0 = Release|Any CPU
		{68CB0B4B-8849-4B41-95F4-3314F3744CA1}.Debug|Any CPU.ActiveCfg = Debug|Any CPU
		{68CB0B4B-8849-4B41-95F4-3314F3744CA1}.Debug|Any CPU.Build.0 = Debug|Any CPU
		{68CB0B4B-8849-4B41-95F4-3314F3744CA1}.Release|Any CPU.ActiveCfg = Release|Any CPU
		{68CB0B4B-8849-4B41-95F4-3314F3744CA1}.Release|Any CPU.Build.0 = Release|Any CPU
	EndGlobalSection
	GlobalSection(SolutionProperties) = preSolution
		HideSolutionNode = FALSE
	EndGlobalSection
	GlobalSection(NestedProjects) = preSolution
		{C29A5973-D2B1-4FCE-88EC-618534C6BC89} = {9B77C130-7F38-4C5A-A567-84737FA64469}
		{F49210AC-A5B8-4E9B-9283-461F84D6CB88} = {9B77C130-7F38-4C5A-A567-84737FA64469}
		{3FEC2C11-2FCC-4858-82B0-2449A3917828} = {013571D4-F20F-479F-8001-7EBB20C448DB}
		{55826373-13D5-4504-A0A3-D3A2DF93C628} = {013571D4-F20F-479F-8001-7EBB20C448DB}
		{D8C4BD89-0432-4C61-94DB-6C1A2D827B49} = {013571D4-F20F-479F-8001-7EBB20C448DB}
		{B22552D4-1F44-4E13-A167-F791E063DEC2} = {013571D4-F20F-479F-8001-7EBB20C448DB}
		{3C0EE60C-DB07-4C04-BA03-8075B3EAED2F} = {33D6A6E6-F680-4AB5-A9F4-0762AD518325}
		{F87B625A-0CE8-4392-9859-11EB40C1BDDB} = {0514222D-F41A-473B-BD8C-DF68C9BF6944}
		{34B2F6C6-C005-4AC6-B762-A1860DDA2A89} = {0514222D-F41A-473B-BD8C-DF68C9BF6944}
		{A2E5B4BB-40F0-4DD1-B002-7157C5CDDFAF} = {0514222D-F41A-473B-BD8C-DF68C9BF6944}
		{68CB0B4B-8849-4B41-95F4-3314F3744CA1} = {0514222D-F41A-473B-BD8C-DF68C9BF6944}
	EndGlobalSection
	GlobalSection(ExtensibilityGlobals) = postSolution
		SolutionGuid = {BB9002B1-9721-48AE-8199-6D6146A29683}
	EndGlobalSection
EndGlobal
